
Microsoft Visual Studio Solution File, Format Version 12.00
# Visual Studio Version 17
VisualStudioVersion = 17.13.35919.96
MinimumVisualStudioVersion = 10.0.40219.1
Project("{FAE04EC0-301F-11D3-BF4B-00C04F79EFBC}") = "AiXmlSinify", "AiXmlSinify\AiXmlSinify.csproj", "{0CF1D306-4FAF-489B-860A-43367D544931}"
EndProject
Global
	GlobalSection(SolutionConfigurationPlatforms) = preSolution
		Debug|Any CPU = Debug|Any CPU
		Release|Any CPU = Release|Any CPU
	EndGlobalSection
	GlobalSection(ProjectConfigurationPlatforms) = postSolution
		{0CF1D306-4FAF-489B-860A-43367D544931}.Debug|Any CPU.ActiveCfg = Debug|Any CPU
		{0CF1D306-4FAF-489B-860A-43367D544931}.Debug|Any CPU.Build.0 = Debug|Any CPU
		{0CF1D306-4FAF-489B-860A-43367D544931}.Release|Any CPU.ActiveCfg = Release|Any CPU
		{0CF1D306-4FAF-489B-860A-43367D544931}.Release|Any CPU.Build.0 = Release|Any CPU
	EndGlobalSection
	GlobalSection(SolutionProperties) = preSolution
		HideSolutionNode = FALSE
	EndGlobalSection
	GlobalSection(ExtensibilityGlobals) = postSolution
		SolutionGuid = {6953DE97-206C-4003-8B30-203C6871B041}
	EndGlobalSection
EndGlobal
